// !$*UTF8*$!
{
	archiveVersion = 1;
	classes = {
	};
	objectVersion = 50;
	objects = {

/* Begin PBXBuildFile section */
		A4DA8B872514B08000A489CF /* AppDelegate.swift in Sources */ = {isa = PBXBuildFile; fileRef = A4DA8B862514B08000A489CF /* AppDelegate.swift */; };
		A4DA8B892514B08000A489CF /* SceneDelegate.swift in Sources */ = {isa = PBXBuildFile; fileRef = A4DA8B882514B08000A489CF /* SceneDelegate.swift */; };
		A4DA8B8B2514B08000A489CF /* ViewController.swift in Sources */ = {isa = PBXBuildFile; fileRef = A4DA8B8A2514B08000A489CF /* ViewController.swift */; };
		A4DA8B8E2514B08000A489CF /* Main.storyboard in Resources */ = {isa = PBXBuildFile; fileRef = A4DA8B8C2514B08000A489CF /* Main.storyboard */; };
		A4DA8B902514B08500A489CF /* Assets.xcassets in Resources */ = {isa = PBXBuildFile; fileRef = A4DA8B8F2514B08500A489CF /* Assets.xcassets */; };
		A4DA8B932514B08500A489CF /* LaunchScreen.storyboard in Resources */ = {isa = PBXBuildFile; fileRef = A4DA8B912514B08500A489CF /* LaunchScreen.storyboard */; };
		A4DA8B9E2514B08500A489CF /* RGBtoHexTests.swift in Sources */ = {isa = PBXBuildFile; fileRef = A4DA8B9D2514B08500A489CF /* RGBtoHexTests.swift */; };
		A4DA8BA92514B08500A489CF /* RGBtoHexUITests.swift in Sources */ = {isa = PBXBuildFile; fileRef = A4DA8BA82514B08500A489CF /* RGBtoHexUITests.swift */; };
/* End PBXBuildFile section */

/* Begin PBXContainerItemProxy section */
		A4DA8B9A2514B08500A489CF /* PBXContainerItemProxy */ = {
			isa = PBXContainerItemProxy;
			containerPortal = A4DA8B7B2514B08000A489CF /* Project object */;
			proxyType = 1;
			remoteGlobalIDString = A4DA8B822514B08000A489CF;
			remoteInfo = RGBtoHex;
		};
		A4DA8BA52514B08500A489CF /* PBXContainerItemProxy */ = {
			isa = PBXContainerItemProxy;
			containerPortal = A4DA8B7B2514B08000A489CF /* Project object */;
			proxyType = 1;
			remoteGlobalIDString = A4DA8B822514B08000A489CF;
			remoteInfo = RGBtoHex;
		};
/* End PBXContainerItemProxy section */

/* Begin PBXFileReference section */
		A4DA8B832514B08000A489CF /* RGBtoHex.app */ = {isa = PBXFileReference; explicitFileType = wrapper.application; includeInIndex = 0; path = RGBtoHex.app; sourceTree = BUILT_PRODUCTS_DIR; };
		A4DA8B862514B08000A489CF /* AppDelegate.swift */ = {isa = PBXFileReference; lastKnownFileType = sourcecode.swift; path = AppDelegate.swift; sourceTree = "<group>"; };
		A4DA8B882514B08000A489CF /* SceneDelegate.swift */ = {isa = PBXFileReference; lastKnownFileType = sourcecode.swift; path = SceneDelegate.swift; sourceTree = "<group>"; };
		A4DA8B8A2514B08000A489CF /* ViewController.swift */ = {isa = PBXFileReference; lastKnownFileType = sourcecode.swift; path = ViewController.swift; sourceTree = "<group>"; };
		A4DA8B8D2514B08000A489CF /* Base */ = {isa = PBXFileReference; lastKnownFileType = file.storyboard; name = Base; path = Base.lproj/Main.storyboard; sourceTree = "<group>"; };
		A4DA8B8F2514B08500A489CF /* Assets.xcassets */ = {isa = PBXFileReference; lastKnownFileType = folder.assetcatalog; path = Assets.xcassets; sourceTree = "<group>"; };
		A4DA8B922514B08500A489CF /* Base */ = {isa = PBXFileReference; lastKnownFileType = file.storyboard; name = Base; path = Base.lproj/LaunchScreen.storyboard; sourceTree = "<group>"; };
		A4DA8B942514B08500A489CF /* Info.plist */ = {isa = PBXFileReference; lastKnownFileType = text.plist.xml; path = Info.plist; sourceTree = "<group>"; };
		A4DA8B992514B08500A489CF /* RGBtoHexTests.xctest */ = {isa = PBXFileReference; explicitFileType = wrapper.cfbundle; includeInIndex = 0; path = RGBtoHexTests.xctest; sourceTree = BUILT_PRODUCTS_DIR; };
		A4DA8B9D2514B08500A489CF /* RGBtoHexTests.swift */ = {isa = PBXFileReference; lastKnownFileType = sourcecode.swift; path = RGBtoHexTests.swift; sourceTree = "<group>"; };
		A4DA8B9F2514B08500A489CF /* Info.plist */ = {isa = PBXFileReference; lastKnownFileType = text.plist.xml; path = Info.plist; sourceTree = "<group>"; };
		A4DA8BA42514B08500A489CF /* RGBtoHexUITests.xctest */ = {isa = PBXFileReference; explicitFileType = wrapper.cfbundle; includeInIndex = 0; path = RGBtoHexUITests.xctest; sourceTree = BUILT_PRODUCTS_DIR; };
		A4DA8BA82514B08500A489CF /* RGBtoHexUITests.swift */ = {isa = PBXFileReference; lastKnownFileType = sourcecode.swift; path = RGBtoHexUITests.swift; sourceTree = "<group>"; };
		A4DA8BAA2514B08500A489CF /* Info.plist */ = {isa = PBXFileReference; lastKnownFileType = text.plist.xml; path = Info.plist; sourceTree = "<group>"; };
/* End PBXFileReference section */

/* Begin PBXFrameworksBuildPhase section */
		A4DA8B802514B08000A489CF /* Frameworks */ = {
			isa = PBXFrameworksBuildPhase;
			buildActionMask = 2147483647;
			files = (
			);
			runOnlyForDeploymentPostprocessing = 0;
		};
		A4DA8B962514B08500A489CF /* Frameworks */ = {
			isa = PBXFrameworksBuildPhase;
			buildActionMask = 2147483647;
			files = (
			);
			runOnlyForDeploymentPostprocessing = 0;
		};
		A4DA8BA12514B08500A489CF /* Frameworks */ = {
			isa = PBXFrameworksBuildPhase;
			buildActionMask = 2147483647;
			files = (
			);
			runOnlyForDeploymentPostprocessing = 0;
		};
/* End PBXFrameworksBuildPhase section */

/* Begin PBXGroup section */
		A4DA8B7A2514B08000A489CF = {
			isa = PBXGroup;
			children = (
				A4DA8B852514B08000A489CF /* RGBtoHex */,
				A4DA8B9C2514B08500A489CF /* RGBtoHexTests */,
				A4DA8BA72514B08500A489CF /* RGBtoHexUITests */,
				A4DA8B842514B08000A489CF /* Products */,
			);
			sourceTree = "<group>";
		};
		A4DA8B842514B08000A489CF /* Products */ = {
			isa = PBXGroup;
			children = (
				A4DA8B832514B08000A489CF /* RGBtoHex.app */,
				A4DA8B992514B08500A489CF /* RGBtoHexTests.xctest */,
				A4DA8BA42514B08500A489CF /* RGBtoHexUITests.xctest */,
			);
			name = Products;
			sourceTree = "<group>";
		};
		A4DA8B852514B08000A489CF /* RGBtoHex */ = {
			isa = PBXGroup;
			children = (
				A4DA8B862514B08000A489CF /* AppDelegate.swift */,
				A4DA8B882514B08000A489CF /* SceneDelegate.swift */,
				A4DA8B8A2514B08000A489CF /* ViewController.swift */,
				A4DA8B8C2514B08000A489CF /* Main.storyboard */,
				A4DA8B8F2514B08500A489CF /* Assets.xcassets */,
				A4DA8B912514B08500A489CF /* LaunchScreen.storyboard */,
				A4DA8B942514B08500A489CF /* Info.plist */,
			);
			path = RGBtoHex;
			sourceTree = "<group>";
		};
		A4DA8B9C2514B08500A489CF /* RGBtoHexTests */ = {
			isa = PBXGroup;
			children = (
				A4DA8B9D2514B08500A489CF /* RGBtoHexTests.swift */,
				A4DA8B9F2514B08500A489CF /* Info.plist */,
			);
			path = RGBtoHexTests;
			sourceTree = "<group>";
		};
		A4DA8BA72514B08500A489CF /* RGBtoHexUITests */ = {
			isa = PBXGroup;
			children = (
				A4DA8BA82514B08500A489CF /* RGBtoHexUITests.swift */,
				A4DA8BAA2514B08500A489CF /* Info.plist */,
			);
			path = RGBtoHexUITests;
			sourceTree = "<group>";
		};
/* End PBXGroup section */

/* Begin PBXNativeTarget section */
		A4DA8B822514B08000A489CF /* RGBtoHex */ = {
			isa = PBXNativeTarget;
			buildConfigurationList = A4DA8BAD2514B08500A489CF /* Build configuration list for PBXNativeTarget "RGBtoHex" */;
			buildPhases = (
				A4DA8B7F2514B08000A489CF /* Sources */,
				A4DA8B802514B08000A489CF /* Frameworks */,
				A4DA8B812514B08000A489CF /* Resources */,
			);
			buildRules = (
			);
			dependencies = (
			);
			name = RGBtoHex;
			productName = RGBtoHex;
			productReference = A4DA8B832514B08000A489CF /* RGBtoHex.app */;
			productType = "com.apple.product-type.application";
		};
		A4DA8B982514B08500A489CF /* RGBtoHexTests */ = {
			isa = PBXNativeTarget;
			buildConfigurationList = A4DA8BB02514B08500A489CF /* Build configuration list for PBXNativeTarget "RGBtoHexTests" */;
			buildPhases = (
				A4DA8B952514B08500A489CF /* Sources */,
				A4DA8B962514B08500A489CF /* Frameworks */,
				A4DA8B972514B08500A489CF /* Resources */,
			);
			buildRules = (
			);
			dependencies = (
				A4DA8B9B2514B08500A489CF /* PBXTargetDependency */,
			);
			name = RGBtoHexTests;
			productName = RGBtoHexTests;
			productReference = A4DA8B992514B08500A489CF /* RGBtoHexTests.xctest */;
			productType = "com.apple.product-type.bundle.unit-test";
		};
		A4DA8BA32514B08500A489CF /* RGBtoHexUITests */ = {
			isa = PBXNativeTarget;
			buildConfigurationList = A4DA8BB32514B08500A489CF /* Build configuration list for PBXNativeTarget "RGBtoHexUITests" */;
			buildPhases = (
				A4DA8BA02514B08500A489CF /* Sources */,
				A4DA8BA12514B08500A489CF /* Frameworks */,
				A4DA8BA22514B08500A489CF /* Resources */,
			);
			buildRules = (
			);
			dependencies = (
				A4DA8BA62514B08500A489CF /* PBXTargetDependency */,
			);
			name = RGBtoHexUITests;
			productName = RGBtoHexUITests;
			productReference = A4DA8BA42514B08500A489CF /* RGBtoHexUITests.xctest */;
			productType = "com.apple.product-type.bundle.ui-testing";
		};
/* End PBXNativeTarget section */

/* Begin PBXProject section */
		A4DA8B7B2514B08000A489CF /* Project object */ = {
			isa = PBXProject;
			attributes = {
				LastSwiftUpdateCheck = 1160;
				LastUpgradeCheck = 1160;
				ORGANIZATIONNAME = "Meir Susan";
				TargetAttributes = {
					A4DA8B822514B08000A489CF = {
						CreatedOnToolsVersion = 11.6;
					};
					A4DA8B982514B08500A489CF = {
						CreatedOnToolsVersion = 11.6;
						TestTargetID = A4DA8B822514B08000A489CF;
					};
					A4DA8BA32514B08500A489CF = {
						CreatedOnToolsVersion = 11.6;
						TestTargetID = A4DA8B822514B08000A489CF;
					};
				};
			};
			buildConfigurationList = A4DA8B7E2514B08000A489CF /* Build configuration list for PBXProject "RGBtoHex" */;
			compatibilityVersion = "Xcode 9.3";
			developmentRegion = en;
			hasScannedForEncodings = 0;
			knownRegions = (
				en,
				Base,
			);
			mainGroup = A4DA8B7A2514B08000A489CF;
			productRefGroup = A4DA8B842514B08000A489CF /* Products */;
			projectDirPath = "";
			projectRoot = "";
			targets = (
				A4DA8B822514B08000A489CF /* RGBtoHex */,
				A4DA8B982514B08500A489CF /* RGBtoHexTests */,
				A4DA8BA32514B08500A489CF /* RGBtoHexUITests */,
			);
		};
/* End PBXProject section */

/* Begin PBXResourcesBuildPhase section */
		A4DA8B812514B08000A489CF /* Resources */ = {
			isa = PBXResourcesBuildPhase;
			buildActionMask = 2147483647;
			files = (
				A4DA8B932514B08500A489CF /* LaunchScreen.storyboard in Resources */,
				A4DA8B902514B08500A489CF /* Assets.xcassets in Resources */,
				A4DA8B8E2514B08000A489CF /* Main.storyboard in Resources */,
			);
			runOnlyForDeploymentPostprocessing = 0;
		};
		A4DA8B972514B08500A489CF /* Resources */ = {
			isa = PBXResourcesBuildPhase;
			buildActionMask = 2147483647;
			files = (
			);
			runOnlyForDeploymentPostprocessing = 0;
		};
		A4DA8BA22514B08500A489CF /* Resources */ = {
			isa = PBXResourcesBuildPhase;
			buildActionMask = 2147483647;
			files = (
			);
			runOnlyForDeploymentPostprocessing = 0;
		};
/* End PBXResourcesBuildPhase section */

/* Begin PBXSourcesBuildPhase section */
		A4DA8B7F2514B08000A489CF /* Sources */ = {
			isa = PBXSourcesBuildPhase;
			buildActionMask = 2147483647;
			files = (
				A4DA8B8B2514B08000A489CF /* ViewController.swift in Sources */,
				A4DA8B872514B08000A489CF /* AppDelegate.swift in Sources */,
				A4DA8B892514B08000A489CF /* SceneDelegate.swift in Sources */,
			);
			runOnlyForDeploymentPostprocessing = 0;
		};
		A4DA8B952514B08500A489CF /* Sources */ = {
			isa = PBXSourcesBuildPhase;
			buildActionMask = 2147483647;
			files = (
				A4DA8B9E2514B08500A489CF /* RGBtoHexTests.swift in Sources */,
			);
			runOnlyForDeploymentPostprocessing = 0;
		};
		A4DA8BA02514B08500A489CF /* Sources */ = {
			isa = PBXSourcesBuildPhase;
			buildActionMask = 2147483647;
			files = (
				A4DA8BA92514B08500A489CF /* RGBtoHexUITests.swift in Sources */,
			);
			runOnlyForDeploymentPostprocessing = 0;
		};
/* End PBXSourcesBuildPhase section */

/* Begin PBXTargetDependency section */
		A4DA8B9B2514B08500A489CF /* PBXTargetDependency */ = {
			isa = PBXTargetDependency;
			target = A4DA8B822514B08000A489CF /* RGBtoHex */;
			targetProxy = A4DA8B9A2514B08500A489CF /* PBXContainerItemProxy */;
		};
		A4DA8BA62514B08500A489CF /* PBXTargetDependency */ = {
			isa = PBXTargetDependency;
			target = A4DA8B822514B08000A489CF /* RGBtoHex */;
			targetProxy = A4DA8BA52514B08500A489CF /* PBXContainerItemProxy */;
		};
/* End PBXTargetDependency section */

/* Begin PBXVariantGroup section */
		A4DA8B8C2514B08000A489CF /* Main.storyboard */ = {
			isa = PBXVariantGroup;
			children = (
				A4DA8B8D2514B08000A489CF /* Base */,
			);
			name = Main.storyboard;
			sourceTree = "<group>";
		};
		A4DA8B912514B08500A489CF /* LaunchScreen.storyboard */ = {
			isa = PBXVariantGroup;
			children = (
				A4DA8B922514B08500A489CF /* Base */,
			);
			name = LaunchScreen.storyboard;
			sourceTree = "<group>";
		};
/* End PBXVariantGroup section */

/* Begin XCBuildConfiguration section */
		A4DA8BAB2514B08500A489CF /* Debug */ = {
			isa = XCBuildConfiguration;
			buildSettings = {
				ALWAYS_SEARCH_USER_PATHS = NO;
				CLANG_ANALYZER_NONNULL = YES;
				CLANG_ANALYZER_NUMBER_OBJECT_CONVERSION = YES_AGGRESSIVE;
				CLANG_CXX_LANGUAGE_STANDARD = "gnu++14";
				CLANG_CXX_LIBRARY = "libc++";
				CLANG_ENABLE_MODULES = YES;
				CLANG_ENABLE_OBJC_ARC = YES;
				CLANG_ENABLE_OBJC_WEAK = YES;
				CLANG_WARN_BLOCK_CAPTURE_AUTORELEASING = YES;
				CLANG_WARN_BOOL_CONVERSION = YES;
				CLANG_WARN_COMMA = YES;
				CLANG_WARN_CONSTANT_CONVERSION = YES;
				CLANG_WARN_DEPRECATED_OBJC_IMPLEMENTATIONS = YES;
				CLANG_WARN_DIRECT_OBJC_ISA_USAGE = YES_ERROR;
				CLANG_WARN_DOCUMENTATION_COMMENTS = YES;
				CLANG_WARN_EMPTY_BODY = YES;
				CLANG_WARN_ENUM_CONVERSION = YES;
				CLANG_WARN_INFINITE_RECURSION = YES;
				CLANG_WARN_INT_CONVERSION = YES;
				CLANG_WARN_NON_LITERAL_NULL_CONVERSION = YES;
				CLANG_WARN_OBJC_IMPLICIT_RETAIN_SELF = YES;
				CLANG_WARN_OBJC_LITERAL_CONVERSION = YES;
				CLANG_WARN_OBJC_ROOT_CLASS = YES_ERROR;
				CLANG_WARN_RANGE_LOOP_ANALYSIS = YES;
				CLANG_WARN_STRICT_PROTOTYPES = YES;
				CLANG_WARN_SUSPICIOUS_MOVE = YES;
				CLANG_WARN_UNGUARDED_AVAILABILITY = YES_AGGRESSIVE;
				CLANG_WARN_UNREACHABLE_CODE = YES;
				CLANG_WARN__DUPLICATE_METHOD_MATCH = YES;
				COPY_PHASE_STRIP = NO;
				DEBUG_INFORMATION_FORMAT = dwarf;
				ENABLE_STRICT_OBJC_MSGSEND = YES;
				ENABLE_TESTABILITY = YES;
				GCC_C_LANGUAGE_STANDARD = gnu11;
				GCC_DYNAMIC_NO_PIC = NO;
				GCC_NO_COMMON_BLOCKS = YES;
				GCC_OPTIMIZATION_LEVEL = 0;
				GCC_PREPROCESSOR_DEFINITIONS = (
					"DEBUG=1",
					"$(inherited)",
				);
				GCC_WARN_64_TO_32_BIT_CONVERSION = YES;
				GCC_WARN_ABOUT_RETURN_TYPE = YES_ERROR;
				GCC_WARN_UNDECLARED_SELECTOR = YES;
				GCC_WARN_UNINITIALIZED_AUTOS = YES_AGGRESSIVE;
				GCC_WARN_UNUSED_FUNCTION = YES;
				GCC_WARN_UNUSED_VARIABLE = YES;
				IPHONEOS_DEPLOYMENT_TARGET = 13.6;
				MTL_ENABLE_DEBUG_INFO = INCLUDE_SOURCE;
				MTL_FAST_MATH = YES;
				ONLY_ACTIVE_ARCH = YES;
				SDKROOT = iphoneos;
				SWIFT_ACTIVE_COMPILATION_CONDITIONS = DEBUG;
				SWIFT_OPTIMIZATION_LEVEL = "-Onone";
			};
			name = Debug;
		};
		A4DA8BAC2514B08500A489CF /* Release */ = {
			isa = XCBuildConfiguration;
			buildSettings = {
				ALWAYS_SEARCH_USER_PATHS = NO;
				CLANG_ANALYZER_NONNULL = YES;
				CLANG_ANALYZER_NUMBER_OBJECT_CONVERSION = YES_AGGRESSIVE;
				CLANG_CXX_LANGUAGE_STANDARD = "gnu++14";
				CLANG_CXX_LIBRARY = "libc++";
				CLANG_ENABLE_MODULES = YES;
				CLANG_ENABLE_OBJC_ARC = YES;
				CLANG_ENABLE_OBJC_WEAK = YES;
				CLANG_WARN_BLOCK_CAPTURE_AUTORELEASING = YES;
				CLANG_WARN_BOOL_CONVERSION = YES;
				CLANG_WARN_COMMA = YES;
				CLANG_WARN_CONSTANT_CONVERSION = YES;
				CLANG_WARN_DEPRECATED_OBJC_IMPLEMENTATIONS = YES;
				CLANG_WARN_DIRECT_OBJC_ISA_USAGE = YES_ERROR;
				CLANG_WARN_DOCUMENTATION_COMMENTS = YES;
				CLANG_WARN_EMPTY_BODY = YES;
				CLANG_WARN_ENUM_CONVERSION = YES;
				CLANG_WARN_INFINITE_RECURSION = YES;
				CLANG_WARN_INT_CONVERSION = YES;
				CLANG_WARN_NON_LITERAL_NULL_CONVERSION = YES;
				CLANG_WARN_OBJC_IMPLICIT_RETAIN_SELF = YES;
				CLANG_WARN_OBJC_LITERAL_CONVERSION = YES;
				CLANG_WARN_OBJC_ROOT_CLASS = YES_ERROR;
				CLANG_WARN_RANGE_LOOP_ANALYSIS = YES;
				CLANG_WARN_STRICT_PROTOTYPES = YES;
				CLANG_WARN_SUSPICIOUS_MOVE = YES;
				CLANG_WARN_UNGUARDED_AVAILABILITY = YES_AGGRESSIVE;
				CLANG_WARN_UNREACHABLE_CODE = YES;
				CLANG_WARN__DUPLICATE_METHOD_MATCH = YES;
				COPY_PHASE_STRIP = NO;
				DEBUG_INFORMATION_FORMAT = "dwarf-with-dsym";
				ENABLE_NS_ASSERTIONS = NO;
				ENABLE_STRICT_OBJC_MSGSEND = YES;
				GCC_C_LANGUAGE_STANDARD = gnu11;
				GCC_NO_COMMON_BLOCKS = YES;
				GCC_WARN_64_TO_32_BIT_CONVERSION = YES;
				GCC_WARN_ABOUT_RETURN_TYPE = YES_ERROR;
				GCC_WARN_UNDECLARED_SELECTOR = YES;
				GCC_WARN_UNINITIALIZED_AUTOS = YES_AGGRESSIVE;
				GCC_WARN_UNUSED_FUNCTION = YES;
				GCC_WARN_UNUSED_VARIABLE = YES;
				IPHONEOS_DEPLOYMENT_TARGET = 13.6;
				MTL_ENABLE_DEBUG_INFO = NO;
				MTL_FAST_MATH = YES;
				SDKROOT = iphoneos;
				SWIFT_COMPILATION_MODE = wholemodule;
				SWIFT_OPTIMIZATION_LEVEL = "-O";
				VALIDATE_PRODUCT = YES;
			};
			name = Release;
		};
		A4DA8BAE2514B08500A489CF /* Debug */ = {
			isa = XCBuildConfiguration;
			buildSettings = {
				ASSETCATALOG_COMPILER_APPICON_NAME = AppIcon;
				CODE_SIGN_STYLE = Automatic;
				INFOPLIST_FILE = RGBtoHex/Info.plist;
				LD_RUNPATH_SEARCH_PATHS = (
					"$(inherited)",
					"@executable_path/Frameworks",
				);
				PRODUCT_BUNDLE_IDENTIFIER = Meir.RGBtoHex;
				PRODUCT_NAME = "$(TARGET_NAME)";
				SWIFT_VERSION = 5.0;
				TARGETED_DEVICE_FAMILY = "1,2";
			};
			name = Debug;
		};
		A4DA8BAF2514B08500A489CF /* Release */ = {
			isa = XCBuildConfiguration;
			buildSettings = {
				ASSETCATALOG_COMPILER_APPICON_NAME = AppIcon;
				CODE_SIGN_STYLE = Automatic;
				INFOPLIST_FILE = RGBtoHex/Info.plist;
				LD_RUNPATH_SEARCH_PATHS = (
					"$(inherited)",
					"@executable_path/Frameworks",
				);
				PRODUCT_BUNDLE_IDENTIFIER = Meir.RGBtoHex;
				PRODUCT_NAME = "$(TARGET_NAME)";
				SWIFT_VERSION = 5.0;
				TARGETED_DEVICE_FAMILY = "1,2";
			};
			name = Release;
		};
		A4DA8BB12514B08500A489CF /* Debug */ = {
			isa = XCBuildConfiguration;
			buildSettings = {
				ALWAYS_EMBED_SWIFT_STANDARD_LIBRARIES = YES;
				BUNDLE_LOADER = "$(TEST_HOST)";
				CODE_SIGN_STYLE = Automatic;
				INFOPLIST_FILE = RGBtoHexTests/Info.plist;
				IPHONEOS_DEPLOYMENT_TARGET = 13.6;
				LD_RUNPATH_SEARCH_PATHS = (
					"$(inherited)",
					"@executable_path/Frameworks",
					"@loader_path/Frameworks",
				);
				PRODUCT_BUNDLE_IDENTIFIER = Meir.RGBtoHexTests;
				PRODUCT_NAME = "$(TARGET_NAME)";
				SWIFT_VERSION = 5.0;
				TARGETED_DEVICE_FAMILY = "1,2";
				TEST_HOST = "$(BUILT_PRODUCTS_DIR)/RGBtoHex.app/RGBtoHex";
			};
			name = Debug;
		};
		A4DA8BB22514B08500A489CF /* Release */ = {
			isa = XCBuildConfiguration;
			buildSettings = {
				ALWAYS_EMBED_SWIFT_STANDARD_LIBRARIES = YES;
				BUNDLE_LOADER = "$(TEST_HOST)";
				CODE_SIGN_STYLE = Automatic;
				INFOPLIST_FILE = RGBtoHexTests/Info.plist;
				IPHONEOS_DEPLOYMENT_TARGET = 13.6;
				LD_RUNPATH_SEARCH_PATHS = (
					"$(inherited)",
					"@executable_path/Frameworks",
					"@loader_path/Frameworks",
				);
				PRODUCT_BUNDLE_IDENTIFIER = Meir.RGBtoHexTests;
				PRODUCT_NAME = "$(TARGET_NAME)";
				SWIFT_VERSION = 5.0;
				TARGETED_DEVICE_FAMILY = "1,2";
				TEST_HOST = "$(BUILT_PRODUCTS_DIR)/RGBtoHex.app/RGBtoHex";
			};
			name = Release;
		};
		A4DA8BB42514B08500A489CF /* Debug */ = {
			isa = XCBuildConfiguration;
			buildSettings = {
				ALWAYS_EMBED_SWIFT_STANDARD_LIBRARIES = YES;
				CODE_SIGN_STYLE = Automatic;
				INFOPLIST_FILE = RGBtoHexUITests/Info.plist;
				LD_RUNPATH_SEARCH_PATHS = (
					"$(inherited)",
					"@executable_path/Frameworks",
					"@loader_path/Frameworks",
				);
				PRODUCT_BUNDLE_IDENTIFIER = Meir.RGBtoHexUITests;
				PRODUCT_NAME = "$(TARGET_NAME)";
				SWIFT_VERSION = 5.0;
				TARGETED_DEVICE_FAMILY = "1,2";
				TEST_TARGET_NAME = RGBtoHex;
			};
			name = Debug;
		};
		A4DA8BB52514B08500A489CF /* Release */ = {
			isa = XCBuildConfiguration;
			buildSettings = {
				ALWAYS_EMBED_SWIFT_STANDARD_LIBRARIES = YES;
				CODE_SIGN_STYLE = Automatic;
				INFOPLIST_FILE = RGBtoHexUITests/Info.plist;
				LD_RUNPATH_SEARCH_PATHS = (
					"$(inherited)",
					"@executable_path/Frameworks",
					"@loader_path/Frameworks",
				);
				PRODUCT_BUNDLE_IDENTIFIER = Meir.RGBtoHexUITests;
				PRODUCT_NAME = "$(TARGET_NAME)";
				SWIFT_VERSION = 5.0;
				TARGETED_DEVICE_FAMILY = "1,2";
				TEST_TARGET_NAME = RGBtoHex;
			};
			name = Release;
		};
/* End XCBuildConfiguration section */

/* Begin XCConfigurationList section */
		A4DA8B7E2514B08000A489CF /* Build configuration list for PBXProject "RGBtoHex" */ = {
			isa = XCConfigurationList;
			buildConfigurations = (
				A4DA8BAB2514B08500A489CF /* Debug */,
				A4DA8BAC2514B08500A489CF /* Release */,
			);
			defaultConfigurationIsVisible = 0;
			defaultConfigurationName = Release;
		};
		A4DA8BAD2514B08500A489CF /* Build configuration list for PBXNativeTarget "RGBtoHex" */ = {
			isa = XCConfigurationList;
			buildConfigurations = (
				A4DA8BAE2514B08500A489CF /* Debug */,
				A4DA8BAF2514B08500A489CF /* Release */,
			);
			defaultConfigurationIsVisible = 0;
			defaultConfigurationName = Release;
		};
		A4DA8BB02514B08500A489CF /* Build configuration list for PBXNativeTarget "RGBtoHexTests" */ = {
			isa = XCConfigurationList;
			buildConfigurations = (
				A4DA8BB12514B08500A489CF /* Debug */,
				A4DA8BB22514B08500A489CF /* Release */,
			);
			defaultConfigurationIsVisible = 0;
			defaultConfigurationName = Release;
		};
		A4DA8BB32514B08500A489CF /* Build configuration list for PBXNativeTarget "RGBtoHexUITests" */ = {
			isa = XCConfigurationList;
			buildConfigurations = (
				A4DA8BB42514B08500A489CF /* Debug */,
				A4DA8BB52514B08500A489CF /* Release */,
			);
			defaultConfigurationIsVisible = 0;
			defaultConfigurationName = Release;
		};
/* End XCConfigurationList section */
	};
	rootObject = A4DA8B7B2514B08000A489CF /* Project object */;
}
